PODS:
  - Alamofire (3.1.5)
  - APLSlideMenu (0.1.7)
  - CocoaAsyncSocket (7.4.2)
  - MagicalRecord (2.3.2):
    - MagicalRecord/Core (= 2.3.2)
  - MagicalRecord/Core (2.3.2)
  - Mantle (1.4.1):
    - Mantle/extobjc (= 1.4.1)
  - Mantle/extobjc (1.4.1)
  - SDWebImage (3.7.4):
    - SDWebImage/Core (= 3.7.4)
  - SDWebImage/Core (3.7.4)
  - Sodium (0.1)
  - SwiftyJSON (2.3.2)
  - TWTToast (0.17):
    - TWTToast/CoreAnimation (= 0.17)
    - TWTToast/Foundation (= 0.17)
    - TWTToast/Mantle (= 0.17)
    - TWTToast/UIKit (= 0.17)
  - TWTToast/CoreAnimation (0.17):
    - TWTToast/CoreAnimation/EasingFunctions (= 0.17)
  - TWTToast/CoreAnimation/EasingFunctions (0.17)
  - TWTToast/Foundation (0.17):
    - TWTToast/Foundation/AsynchronousOperation (= 0.17)
    - TWTToast/Foundation/BlockEnumeration (= 0.17)
    - TWTToast/Foundation/ConcurrentAccessor (= 0.17)
    - TWTToast/Foundation/DateRange (= 0.17)
    - TWTToast/Foundation/ErrorUtilities (= 0.17)
    - TWTToast/Foundation/KVO (= 0.17)
    - TWTToast/Foundation/NSArrayIndexPathAdditions (= 0.17)
    - TWTToast/Foundation/SubclassResponsibility (= 0.17)
    - TWTToast/Foundation/TreeNode (= 0.17)
  - TWTToast/Foundation/AsynchronousOperation (0.17)
  - TWTToast/Foundation/BlockEnumeration (0.17)
  - TWTToast/Foundation/ConcurrentAccessor (0.17)
  - TWTToast/Foundation/DateRange (0.17)
  - TWTToast/Foundation/ErrorUtilities (0.17)
  - TWTToast/Foundation/KVO (0.17)
  - TWTToast/Foundation/NSArrayIndexPathAdditions (0.17)
  - TWTToast/Foundation/SubclassResponsibility (0.17):
    - TWTToast/Foundation/ErrorUtilities
  - TWTToast/Foundation/TreeNode (0.17)
  - TWTToast/Mantle (0.17):
    - Mantle (~> 1.4.0)
    - TWTToast/Mantle/MantleModel (= 0.17)
    - TWTToast/Mantle/ModelClassDeserialization (= 0.17)
    - TWTToast/Mantle/SelectiveJSONAdapter (= 0.17)
  - TWTToast/Mantle/MantleModel (0.17):
    - Mantle (~> 1.4.0)
  - TWTToast/Mantle/ModelClassDeserialization (0.17):
    - Mantle (~> 1.4.0)
    - TWTToast/Foundation/BlockEnumeration
  - TWTToast/Mantle/SelectiveJSONAdapter (0.17):
    - Mantle (~> 1.4.0)
  - TWTToast/UIKit (0.17):
    - TWTToast/UIKit/AutoLayout (= 0.17)
    - TWTToast/UIKit/BlockActions (= 0.17)
    - TWTToast/UIKit/Blocks (= 0.17)
    - TWTToast/UIKit/Color (= 0.17)
    - TWTToast/UIKit/Device (= 0.17)
    - TWTToast/UIKit/NibBackedView (= 0.17)
    - TWTToast/UIKit/PrepareForSegue (= 0.17)
    - TWTToast/UIKit/SnapshotImage (= 0.17)
    - TWTToast/UIKit/TextStyle (= 0.17)
    - TWTToast/UIKit/ViewControllerCompletion (= 0.17)
    - TWTToast/UIKit/ViewControllerTransitions (= 0.17)
  - TWTToast/UIKit/AutoLayout (0.17)
  - TWTToast/UIKit/BlockActions (0.17)
  - TWTToast/UIKit/Blocks (0.17)
  - TWTToast/UIKit/Color (0.17)
  - TWTToast/UIKit/Device (0.17)
  - TWTToast/UIKit/NibBackedView (0.17)
  - TWTToast/UIKit/PrepareForSegue (0.17)
  - TWTToast/UIKit/SnapshotImage (0.17)
  - TWTToast/UIKit/TextStyle (0.17)
  - TWTToast/UIKit/ViewControllerCompletion (0.17)
  - TWTToast/UIKit/ViewControllerTransitions (0.17)
  - UICollectionViewRightAlignedLayout (0.0.3)

DEPENDENCIES:
  - Alamofire
  - APLSlideMenu
  - CocoaAsyncSocket
  - MagicalRecord
  - SDWebImage
  - Sodium
  - SwiftyJSON
  - TWTToast
  - UICollectionViewRightAlignedLayout

SPEC CHECKSUMS:
  Alamofire: 5f730ba29fd113b7ddd71c1e65d0c630acf5d7b0
  APLSlideMenu: f9a41d50e325e2fd8e44c0913279020099f09b49
  CocoaAsyncSocket: f5783bdedd232d91b89769bc4b5a1580aed518ad
  MagicalRecord: 53bed74b4323b930992a725be713e53b37d19755
  Mantle: 3219c0181d918508689af61c77891b12dbb28215
  SDWebImage: 247edd7dd80dd6124197b0d6a17846fe9d1df968
  Sodium: fa459e59912d3e6d44f3d9030fafc12c4079148d
  SwiftyJSON: 04ccea08915aa0109039157c7974cf0298da292a
  TWTToast: 6d47c48b5cdbfcfa6108b81d11e0e6b8e370e6d0
  UICollectionViewRightAlignedLayout: 823eef8c567eba4a44c21bc2ffcb0d0d5f361e2d

COCOAPODS: 0.38.2
