[{<<"bson">>,
  {git,"git://github.com/comtihon/bson-erlang",
       {ref,"0a2965e870efe17012aa278529d24bf525da682e"}},
  1},
 {<<"eredis">>,
  {git,"https://github.com/wooga/eredis.git",
       {ref,"cbc013f516e464706493c01662e5e9dd82d1db01"}},
  0},
 {<<"goldrush">>,
  {git,"git://github.com/DeadZen/goldrush.git",
       {ref,"64864ba7fcf40988361340e48680b49a2c2938cf"}},
  1},
 {<<"lager">>,
  {git,"https://github.com/basho/lager.git",
       {ref,"599dda6786a81200e00b3d9b4b36951e052727a3"}},
  0},
 {<<"mochijson2">>,
  {git,"https://github.com/bjnortier/mochijson2.git",
       {ref,"e162b7f5be57b8a1fcf5cc99aa4948864af42bba"}},
  0},
 {<<"mongodb">>,
  {git,"https://github.com/comtihon/mongodb-erlang.git",
       {ref,"efb02ed0103dba940f0f273aa0e4b5c68827d903"}},
  0},
 {<<"pbkdf2">>,
  {git,"https://github.com/basho/erlang-pbkdf2.git",
       {ref,"7076584f5377e98600a7e2cb81980b2992fb2f71"}},
  1},
 {<<"poolboy">>,
  {git,"git://github.com/devinus/poolboy.git",
       {ref,"3bb48a893ff5598f7c73731ac17545206d259fac"}},
  1},
 {<<"yamerl">>,
  {git,"https://github.com/yakaz/yamerl.git",
       {ref,"ae810a808817d9482b4628ae3e20d746e3729fe0"}},
  0}].
