[{<<"apns">>,
  {git,"https://github.com/inaka/apns4erl.git",
       {ref,"08a64e368088bd901eaa16c9466653128b35ef6e"}},
  0},
 {<<"bson">>,
  {git,"git://github.com/comtihon/bson-erlang",
       {ref,"0a2965e870efe17012aa278529d24bf525da682e"}},
  1},
 {<<"eredis">>,
  {git,"https://github.com/wooga/eredis.git",
       {ref,"cbc013f516e464706493c01662e5e9dd82d1db01"}},
  0},
 {<<"eredis_cluster">>,
  {git,"https://github.com/adrienmo/eredis_cluster.git",
       {ref,"6b3b0802d96ef1d4584761f1dc5ce09a077e60fc"}},
  0},
 {<<"goldrush">>,
  {git,"git://github.com/DeadZen/goldrush.git",
       {ref,"64864ba7fcf40988361340e48680b49a2c2938cf"}},
  1},
 {<<"jiffy">>,
  {git,"https://github.com/davisp/jiffy.git",
       {ref,"6303ff98aaa3fce625038c8b7af2aa8b802f4742"}},
  0},
 {<<"lager">>,
  {git,"https://github.com/basho/lager.git",
       {ref,"599dda6786a81200e00b3d9b4b36951e052727a3"}},
  0},
 {<<"mochijson2">>,
  {git,"https://github.com/bjnortier/mochijson2.git",
       {ref,"e162b7f5be57b8a1fcf5cc99aa4948864af42bba"}},
  0},
 {<<"mongodb">>,
  {git,"https://github.com/drtyhbo/mongodb-erlang.git",
       {ref,"e3320f6381947d34c64eb409230145e00e383e5e"}},
  0},
 {<<"pbkdf2">>,
  {git,"git://github.com/comtihon/erlang-pbkdf2.git",
       {ref,"7076584f5377e98600a7e2cb81980b2992fb2f71"}},
  1},
 {<<"poolboy">>,
  {git,"https://github.com/devinus/poolboy.git",
       {ref,"3bb48a893ff5598f7c73731ac17545206d259fac"}},
  0},
 {<<"proper">>,
  {git,"git://github.com/manopapad/proper.git",
       {ref,"1b773eeb47cb2c3116d78bdf681505703b762eee"}},
  1},
 {<<"syn">>,
  {git,"https://github.com/drtyhbo/syn.git",
       {ref,"491aec8ebabbcb02c6ac6be27143dc4bf72ec13f"}},
  0},
 {<<"sync">>,
  {git,"https://github.com/rustyio/sync.git",
       {ref,"9c78e7b4fe28c75d18ad6971585a204b96e47db1"}},
  1}].
