// !$*UTF8*$!
{
	archiveVersion = 1;
	classes = {
	};
	objectVersion = 46;
	objects = {

/* Begin PBXBuildFile section */
		4895AA0B7AE4B2174643D2F7 /* Pods_chat.framework in Frameworks */ = {isa = PBXBuildFile; fileRef = F57DF795FECAD58982D83601 /* Pods_chat.framework */; settings = {ATTRIBUTES = (Weak, ); }; };
		9031FFD21C6240BF00BCC456 /* ContactsHelper.swift in Sources */ = {isa = PBXBuildFile; fileRef = 9031FFD11C6240BF00BCC456 /* ContactsHelper.swift */; };
		9031FFD41C6671B800BCC456 /* Constants.swift in Sources */ = {isa = PBXBuildFile; fileRef = 9031FFD31C6671B800BCC456 /* Constants.swift */; };
		9031FFD91C68EF8B00BCC456 /* ReconnectView.swift in Sources */ = {isa = PBXBuildFile; fileRef = 9031FFD81C68EF8B00BCC456 /* ReconnectView.swift */; };
		9031FFDB1C68EFA200BCC456 /* ReconnectView.xib in Resources */ = {isa = PBXBuildFile; fileRef = 9031FFDA1C68EFA200BCC456 /* ReconnectView.xib */; };
		9031FFDE1C6B78D600BCC456 /* chat.xcdatamodeld in Sources */ = {isa = PBXBuildFile; fileRef = 9031FFDC1C6B78D600BCC456 /* chat.xcdatamodeld */; };
		9031FFE31C6CC88B00BCC456 /* SecurityHelper.swift in Sources */ = {isa = PBXBuildFile; fileRef = 9031FFE21C6CC88B00BCC456 /* SecurityHelper.swift */; };
		9031FFE51C6E2BC100BCC456 /* File.swift in Sources */ = {isa = PBXBuildFile; fileRef = 9031FFE41C6E2BC100BCC456 /* File.swift */; };
		9049633B1C6F9D750078C9DF /* PhoneNumber.swift in Sources */ = {isa = PBXBuildFile; fileRef = 9049633A1C6F9D750078C9DF /* PhoneNumber.swift */; };
		9049633D1C70DE9D0078C9DF /* MessageSender.swift in Sources */ = {isa = PBXBuildFile; fileRef = 9049633C1C70DE9D0078C9DF /* MessageSender.swift */; };
		904963411C722CBA0078C9DF /* ImageRowTableViewCell.swift in Sources */ = {isa = PBXBuildFile; fileRef = 904963401C722CBA0078C9DF /* ImageRowTableViewCell.swift */; };
		904963451C722CE30078C9DF /* ImageRowTableViewCell.xib in Resources */ = {isa = PBXBuildFile; fileRef = 904963441C722CE30078C9DF /* ImageRowTableViewCell.xib */; };
		9049634A1C7239790078C9DF /* UIImage.swift in Sources */ = {isa = PBXBuildFile; fileRef = 904963491C7239790078C9DF /* UIImage.swift */; };
		90AFD5991C4C06F900236D6B /* GIFSelector.swift in Sources */ = {isa = PBXBuildFile; fileRef = 90AFD5981C4C06F900236D6B /* GIFSelector.swift */; };
		90AFD59B1C4C070500236D6B /* GIFSelector.xib in Resources */ = {isa = PBXBuildFile; fileRef = 90AFD59A1C4C070500236D6B /* GIFSelector.xib */; };
		90AFD59D1C4CBD1100236D6B /* GIFSelectorCell.xib in Resources */ = {isa = PBXBuildFile; fileRef = 90AFD59C1C4CBD1100236D6B /* GIFSelectorCell.xib */; };
		90AFD59F1C4CBD1E00236D6B /* GIFSelectorCell.swift in Sources */ = {isa = PBXBuildFile; fileRef = 90AFD59E1C4CBD1E00236D6B /* GIFSelectorCell.swift */; };
		90AFD5A21C4D9D8300236D6B /* ChatRowContinuationTableViewCell.swift in Sources */ = {isa = PBXBuildFile; fileRef = 90AFD5A01C4D9D8300236D6B /* ChatRowContinuationTableViewCell.swift */; };
		90AFD5A31C4D9D8300236D6B /* ChatRowContinuationTableViewCell.xib in Resources */ = {isa = PBXBuildFile; fileRef = 90AFD5A11C4D9D8300236D6B /* ChatRowContinuationTableViewCell.xib */; };
		90AFD5A51C4D9E0100236D6B /* MessageTableViewCell.swift in Sources */ = {isa = PBXBuildFile; fileRef = 90AFD5A41C4D9E0100236D6B /* MessageTableViewCell.swift */; };
		90AFD5A91C4DE1B700236D6B /* NewMessagesCell.xib in Resources */ = {isa = PBXBuildFile; fileRef = 90AFD5A81C4DE1B700236D6B /* NewMessagesCell.xib */; };
		90AFD5AD1C5CE43C00236D6B /* ChatConnection.swift in Sources */ = {isa = PBXBuildFile; fileRef = 90AFD5AC1C5CE43C00236D6B /* ChatConnection.swift */; };
		90AFD5AF1C5CEC0000236D6B /* ChatClient.swift in Sources */ = {isa = PBXBuildFile; fileRef = 90AFD5AE1C5CEC0000236D6B /* ChatClient.swift */; };
		90AFD5B11C5D200900236D6B /* PhoneNumberViewController.swift in Sources */ = {isa = PBXBuildFile; fileRef = 90AFD5B01C5D200900236D6B /* PhoneNumberViewController.swift */; };
		90AFD5B31C5D204100236D6B /* PhoneNumberViewController.xib in Resources */ = {isa = PBXBuildFile; fileRef = 90AFD5B21C5D204100236D6B /* PhoneNumberViewController.xib */; };
		90AFD5B51C5D234400236D6B /* APIManager.swift in Sources */ = {isa = PBXBuildFile; fileRef = 90AFD5B41C5D234400236D6B /* APIManager.swift */; };
		90AFD5B71C5D280900236D6B /* ConfirmCodeViewController.swift in Sources */ = {isa = PBXBuildFile; fileRef = 90AFD5B61C5D280900236D6B /* ConfirmCodeViewController.swift */; };
		90AFD5B91C5D281800236D6B /* ConfirmCodeViewController.xib in Resources */ = {isa = PBXBuildFile; fileRef = 90AFD5B81C5D281800236D6B /* ConfirmCodeViewController.xib */; };
		90AFD5C51C608EB200236D6B /* FriendsListViewController.swift in Sources */ = {isa = PBXBuildFile; fileRef = 90AFD5C41C608EB200236D6B /* FriendsListViewController.swift */; };
		90AFD5C71C608EDC00236D6B /* FriendsListViewController.xib in Resources */ = {isa = PBXBuildFile; fileRef = 90AFD5C61C608EDC00236D6B /* FriendsListViewController.xib */; };
		90AFD5C91C608F2E00236D6B /* Friend.swift in Sources */ = {isa = PBXBuildFile; fileRef = 90AFD5C81C608F2E00236D6B /* Friend.swift */; };
		90AFD5CB1C6090AE00236D6B /* FriendTableViewCell.swift in Sources */ = {isa = PBXBuildFile; fileRef = 90AFD5CA1C6090AE00236D6B /* FriendTableViewCell.swift */; };
		90AFD5CD1C6090B800236D6B /* FriendTableViewCell.xib in Resources */ = {isa = PBXBuildFile; fileRef = 90AFD5CC1C6090B800236D6B /* FriendTableViewCell.xib */; };
		90AFD5CF1C6091F100236D6B /* MainViewController.swift in Sources */ = {isa = PBXBuildFile; fileRef = 90AFD5CE1C6091F100236D6B /* MainViewController.swift */; };
		90AFD5D11C61102C00236D6B /* FriendManager.swift in Sources */ = {isa = PBXBuildFile; fileRef = 90AFD5D01C61102C00236D6B /* FriendManager.swift */; };
		90AFD5D31C6110B900236D6B /* MessageManager.swift in Sources */ = {isa = PBXBuildFile; fileRef = 90AFD5D21C6110B900236D6B /* MessageManager.swift */; };
		90AFD5D51C61118E00236D6B /* ChatMessages.swift in Sources */ = {isa = PBXBuildFile; fileRef = 90AFD5D41C61118E00236D6B /* ChatMessages.swift */; };
		90EBF88C1C47459000A7AD51 /* Assets.xcassets in Resources */ = {isa = PBXBuildFile; fileRef = 90EBF88B1C47459000A7AD51 /* Assets.xcassets */; };
		90EBF8A81C4749F700A7AD51 /* andreas.jpg in Resources */ = {isa = PBXBuildFile; fileRef = 90EBF8A61C4749F700A7AD51 /* andreas.jpg */; };
		90EBF8A91C4749F700A7AD51 /* michele.jpg in Resources */ = {isa = PBXBuildFile; fileRef = 90EBF8A71C4749F700A7AD51 /* michele.jpg */; };
		90EBF8AB1C474A0000A7AD51 /* Message.swift in Sources */ = {isa = PBXBuildFile; fileRef = 90EBF8AA1C474A0000A7AD51 /* Message.swift */; };
		90EBF8AD1C474A0E00A7AD51 /* User.swift in Sources */ = {isa = PBXBuildFile; fileRef = 90EBF8AC1C474A0E00A7AD51 /* User.swift */; };
		90EBF8BD1C474CA700A7AD51 /* AppDelegate.swift in Sources */ = {isa = PBXBuildFile; fileRef = 90EBF8B61C474CA700A7AD51 /* AppDelegate.swift */; };
		90EBF8BE1C474CA700A7AD51 /* ChatRowTableViewCell.swift in Sources */ = {isa = PBXBuildFile; fileRef = 90EBF8B91C474CA700A7AD51 /* ChatRowTableViewCell.swift */; };
		90EBF8BF1C474CA700A7AD51 /* ChatRowTableViewCell.xib in Resources */ = {isa = PBXBuildFile; fileRef = 90EBF8BA1C474CA700A7AD51 /* ChatRowTableViewCell.xib */; };
		90EBF8C01C474CA700A7AD51 /* ChatViewController.swift in Sources */ = {isa = PBXBuildFile; fileRef = 90EBF8BB1C474CA700A7AD51 /* ChatViewController.swift */; };
		90EBF8C11C474CA700A7AD51 /* ChatViewController.xib in Resources */ = {isa = PBXBuildFile; fileRef = 90EBF8BC1C474CA700A7AD51 /* ChatViewController.xib */; };
/* End PBXBuildFile section */

/* Begin PBXFileReference section */
		9031FFD11C6240BF00BCC456 /* ContactsHelper.swift */ = {isa = PBXFileReference; fileEncoding = 4; lastKnownFileType = sourcecode.swift; path = ContactsHelper.swift; sourceTree = "<group>"; };
		9031FFD31C6671B800BCC456 /* Constants.swift */ = {isa = PBXFileReference; fileEncoding = 4; lastKnownFileType = sourcecode.swift; path = Constants.swift; sourceTree = "<group>"; };
		9031FFD81C68EF8B00BCC456 /* ReconnectView.swift */ = {isa = PBXFileReference; fileEncoding = 4; lastKnownFileType = sourcecode.swift; path = ReconnectView.swift; sourceTree = "<group>"; };
		9031FFDA1C68EFA200BCC456 /* ReconnectView.xib */ = {isa = PBXFileReference; fileEncoding = 4; lastKnownFileType = file.xib; path = ReconnectView.xib; sourceTree = "<group>"; };
		9031FFDD1C6B78D600BCC456 /* chat.xcdatamodel */ = {isa = PBXFileReference; lastKnownFileType = wrapper.xcdatamodel; path = chat.xcdatamodel; sourceTree = "<group>"; };
		9031FFDF1C6B793400BCC456 /* chat1.xcdatamodel */ = {isa = PBXFileReference; lastKnownFileType = wrapper.xcdatamodel; path = chat1.xcdatamodel; sourceTree = "<group>"; };
		9031FFE21C6CC88B00BCC456 /* SecurityHelper.swift */ = {isa = PBXFileReference; fileEncoding = 4; lastKnownFileType = sourcecode.swift; name = SecurityHelper.swift; path = chat/Code/Utils/SecurityHelper.swift; sourceTree = SOURCE_ROOT; };
		9031FFE41C6E2BC100BCC456 /* File.swift */ = {isa = PBXFileReference; fileEncoding = 4; lastKnownFileType = sourcecode.swift; path = File.swift; sourceTree = "<group>"; };
		9049633A1C6F9D750078C9DF /* PhoneNumber.swift */ = {isa = PBXFileReference; fileEncoding = 4; lastKnownFileType = sourcecode.swift; path = PhoneNumber.swift; sourceTree = "<group>"; };
		9049633C1C70DE9D0078C9DF /* MessageSender.swift */ = {isa = PBXFileReference; fileEncoding = 4; lastKnownFileType = sourcecode.swift; path = MessageSender.swift; sourceTree = "<group>"; };
		904963401C722CBA0078C9DF /* ImageRowTableViewCell.swift */ = {isa = PBXFileReference; fileEncoding = 4; lastKnownFileType = sourcecode.swift; path = ImageRowTableViewCell.swift; sourceTree = "<group>"; };
		904963441C722CE30078C9DF /* ImageRowTableViewCell.xib */ = {isa = PBXFileReference; fileEncoding = 4; lastKnownFileType = file.xib; path = ImageRowTableViewCell.xib; sourceTree = "<group>"; };
		904963491C7239790078C9DF /* UIImage.swift */ = {isa = PBXFileReference; fileEncoding = 4; lastKnownFileType = sourcecode.swift; name = UIImage.swift; path = Extensions/UIImage.swift; sourceTree = "<group>"; };
		90AFD5981C4C06F900236D6B /* GIFSelector.swift */ = {isa = PBXFileReference; fileEncoding = 4; lastKnownFileType = sourcecode.swift; path = GIFSelector.swift; sourceTree = "<group>"; };
		90AFD59A1C4C070500236D6B /* GIFSelector.xib */ = {isa = PBXFileReference; fileEncoding = 4; lastKnownFileType = file.xib; path = GIFSelector.xib; sourceTree = "<group>"; };
		90AFD59C1C4CBD1100236D6B /* GIFSelectorCell.xib */ = {isa = PBXFileReference; fileEncoding = 4; lastKnownFileType = file.xib; path = GIFSelectorCell.xib; sourceTree = "<group>"; };
		90AFD59E1C4CBD1E00236D6B /* GIFSelectorCell.swift */ = {isa = PBXFileReference; fileEncoding = 4; lastKnownFileType = sourcecode.swift; path = GIFSelectorCell.swift; sourceTree = "<group>"; };
		90AFD5A01C4D9D8300236D6B /* ChatRowContinuationTableViewCell.swift */ = {isa = PBXFileReference; fileEncoding = 4; lastKnownFileType = sourcecode.swift; path = ChatRowContinuationTableViewCell.swift; sourceTree = "<group>"; };
		90AFD5A11C4D9D8300236D6B /* ChatRowContinuationTableViewCell.xib */ = {isa = PBXFileReference; fileEncoding = 4; lastKnownFileType = file.xib; path = ChatRowContinuationTableViewCell.xib; sourceTree = "<group>"; };
		90AFD5A41C4D9E0100236D6B /* MessageTableViewCell.swift */ = {isa = PBXFileReference; fileEncoding = 4; lastKnownFileType = sourcecode.swift; path = MessageTableViewCell.swift; sourceTree = "<group>"; };
		90AFD5A81C4DE1B700236D6B /* NewMessagesCell.xib */ = {isa = PBXFileReference; fileEncoding = 4; lastKnownFileType = file.xib; path = NewMessagesCell.xib; sourceTree = "<group>"; };
		90AFD5AC1C5CE43C00236D6B /* ChatConnection.swift */ = {isa = PBXFileReference; fileEncoding = 4; lastKnownFileType = sourcecode.swift; path = ChatConnection.swift; sourceTree = "<group>"; };
		90AFD5AE1C5CEC0000236D6B /* ChatClient.swift */ = {isa = PBXFileReference; fileEncoding = 4; lastKnownFileType = sourcecode.swift; path = ChatClient.swift; sourceTree = "<group>"; };
		90AFD5B01C5D200900236D6B /* PhoneNumberViewController.swift */ = {isa = PBXFileReference; fileEncoding = 4; lastKnownFileType = sourcecode.swift; path = PhoneNumberViewController.swift; sourceTree = "<group>"; };
		90AFD5B21C5D204100236D6B /* PhoneNumberViewController.xib */ = {isa = PBXFileReference; fileEncoding = 4; lastKnownFileType = file.xib; path = PhoneNumberViewController.xib; sourceTree = "<group>"; };
		90AFD5B41C5D234400236D6B /* APIManager.swift */ = {isa = PBXFileReference; fileEncoding = 4; lastKnownFileType = sourcecode.swift; path = APIManager.swift; sourceTree = "<group>"; };
		90AFD5B61C5D280900236D6B /* ConfirmCodeViewController.swift */ = {isa = PBXFileReference; fileEncoding = 4; lastKnownFileType = sourcecode.swift; path = ConfirmCodeViewController.swift; sourceTree = "<group>"; };
		90AFD5B81C5D281800236D6B /* ConfirmCodeViewController.xib */ = {isa = PBXFileReference; fileEncoding = 4; lastKnownFileType = file.xib; path = ConfirmCodeViewController.xib; sourceTree = "<group>"; };
		90AFD5C41C608EB200236D6B /* FriendsListViewController.swift */ = {isa = PBXFileReference; fileEncoding = 4; lastKnownFileType = sourcecode.swift; path = FriendsListViewController.swift; sourceTree = "<group>"; };
		90AFD5C61C608EDC00236D6B /* FriendsListViewController.xib */ = {isa = PBXFileReference; fileEncoding = 4; lastKnownFileType = file.xib; path = FriendsListViewController.xib; sourceTree = "<group>"; };
		90AFD5C81C608F2E00236D6B /* Friend.swift */ = {isa = PBXFileReference; fileEncoding = 4; lastKnownFileType = sourcecode.swift; path = Friend.swift; sourceTree = "<group>"; };
		90AFD5CA1C6090AE00236D6B /* FriendTableViewCell.swift */ = {isa = PBXFileReference; fileEncoding = 4; lastKnownFileType = sourcecode.swift; path = FriendTableViewCell.swift; sourceTree = "<group>"; };
		90AFD5CC1C6090B800236D6B /* FriendTableViewCell.xib */ = {isa = PBXFileReference; fileEncoding = 4; lastKnownFileType = file.xib; path = FriendTableViewCell.xib; sourceTree = "<group>"; };
		90AFD5CE1C6091F100236D6B /* MainViewController.swift */ = {isa = PBXFileReference; fileEncoding = 4; lastKnownFileType = sourcecode.swift; path = MainViewController.swift; sourceTree = "<group>"; };
		90AFD5D01C61102C00236D6B /* FriendManager.swift */ = {isa = PBXFileReference; fileEncoding = 4; lastKnownFileType = sourcecode.swift; path = FriendManager.swift; sourceTree = "<group>"; };
		90AFD5D21C6110B900236D6B /* MessageManager.swift */ = {isa = PBXFileReference; fileEncoding = 4; lastKnownFileType = sourcecode.swift; path = MessageManager.swift; sourceTree = "<group>"; };
		90AFD5D41C61118E00236D6B /* ChatMessages.swift */ = {isa = PBXFileReference; fileEncoding = 4; lastKnownFileType = sourcecode.swift; path = ChatMessages.swift; sourceTree = "<group>"; };
		90EBF8811C47458F00A7AD51 /* chat.app */ = {isa = PBXFileReference; explicitFileType = wrapper.application; includeInIndex = 0; path = chat.app; sourceTree = BUILT_PRODUCTS_DIR; };
		90EBF88B1C47459000A7AD51 /* Assets.xcassets */ = {isa = PBXFileReference; lastKnownFileType = folder.assetcatalog; path = Assets.xcassets; sourceTree = "<group>"; };
		90EBF8901C47459000A7AD51 /* Info.plist */ = {isa = PBXFileReference; lastKnownFileType = text.plist.xml; path = Info.plist; sourceTree = "<group>"; };
		90EBF8A61C4749F700A7AD51 /* andreas.jpg */ = {isa = PBXFileReference; lastKnownFileType = image.jpeg; path = andreas.jpg; sourceTree = "<group>"; };
		90EBF8A71C4749F700A7AD51 /* michele.jpg */ = {isa = PBXFileReference; lastKnownFileType = image.jpeg; path = michele.jpg; sourceTree = "<group>"; };
		90EBF8AA1C474A0000A7AD51 /* Message.swift */ = {isa = PBXFileReference; fileEncoding = 4; lastKnownFileType = sourcecode.swift; path = Message.swift; sourceTree = "<group>"; };
		90EBF8AC1C474A0E00A7AD51 /* User.swift */ = {isa = PBXFileReference; fileEncoding = 4; lastKnownFileType = sourcecode.swift; path = User.swift; sourceTree = "<group>"; };
		90EBF8B61C474CA700A7AD51 /* AppDelegate.swift */ = {isa = PBXFileReference; fileEncoding = 4; lastKnownFileType = sourcecode.swift; path = AppDelegate.swift; sourceTree = "<group>"; };
		90EBF8B91C474CA700A7AD51 /* ChatRowTableViewCell.swift */ = {isa = PBXFileReference; fileEncoding = 4; lastKnownFileType = sourcecode.swift; path = ChatRowTableViewCell.swift; sourceTree = "<group>"; };
		90EBF8BA1C474CA700A7AD51 /* ChatRowTableViewCell.xib */ = {isa = PBXFileReference; fileEncoding = 4; lastKnownFileType = file.xib; path = ChatRowTableViewCell.xib; sourceTree = "<group>"; };
		90EBF8BB1C474CA700A7AD51 /* ChatViewController.swift */ = {isa = PBXFileReference; fileEncoding = 4; lastKnownFileType = sourcecode.swift; path = ChatViewController.swift; sourceTree = "<group>"; };
		90EBF8BC1C474CA700A7AD51 /* ChatViewController.xib */ = {isa = PBXFileReference; fileEncoding = 4; lastKnownFileType = file.xib; path = ChatViewController.xib; sourceTree = "<group>"; };
		A1A7B9FD93747705788EBCD9 /* Pods-chat.debug.xcconfig */ = {isa = PBXFileReference; includeInIndex = 1; lastKnownFileType = text.xcconfig; name = "Pods-chat.debug.xcconfig"; path = "Pods/Target Support Files/Pods-chat/Pods-chat.debug.xcconfig"; sourceTree = "<group>"; };
		C5EA02263D659AD024FD7039 /* Pods-chat.release.xcconfig */ = {isa = PBXFileReference; includeInIndex = 1; lastKnownFileType = text.xcconfig; name = "Pods-chat.release.xcconfig"; path = "Pods/Target Support Files/Pods-chat/Pods-chat.release.xcconfig"; sourceTree = "<group>"; };
		F57DF795FECAD58982D83601 /* Pods_chat.framework */ = {isa = PBXFileReference; explicitFileType = wrapper.framework; includeInIndex = 0; path = Pods_chat.framework; sourceTree = BUILT_PRODUCTS_DIR; };
/* End PBXFileReference section */

/* Begin PBXFrameworksBuildPhase section */
		90EBF87E1C47458F00A7AD51 /* Frameworks */ = {
			isa = PBXFrameworksBuildPhase;
			buildActionMask = 2147483647;
			files = (
				4895AA0B7AE4B2174643D2F7 /* Pods_chat.framework in Frameworks */,
			);
			runOnlyForDeploymentPostprocessing = 0;
		};
/* End PBXFrameworksBuildPhase section */

/* Begin PBXGroup section */
		03C4881D7477C6DD7CC79989 /* Frameworks */ = {
			isa = PBXGroup;
			children = (
				F57DF795FECAD58982D83601 /* Pods_chat.framework */,
			);
			name = Frameworks;
			sourceTree = "<group>";
		};
		426CE136D9E86C46A2DD6DE9 /* Pods */ = {
			isa = PBXGroup;
			children = (
				A1A7B9FD93747705788EBCD9 /* Pods-chat.debug.xcconfig */,
				C5EA02263D659AD024FD7039 /* Pods-chat.release.xcconfig */,
			);
			name = Pods;
			sourceTree = "<group>";
		};
		9031FFD01C6240B700BCC456 /* Utils */ = {
			isa = PBXGroup;
			children = (
				9031FFE21C6CC88B00BCC456 /* SecurityHelper.swift */,
				9031FFD11C6240BF00BCC456 /* ContactsHelper.swift */,
				9031FFD31C6671B800BCC456 /* Constants.swift */,
			);
			name = Utils;
			path = chat/Code/Utils;
			sourceTree = SOURCE_ROOT;
		};
		9031FFD71C68EF7B00BCC456 /* Views */ = {
			isa = PBXGroup;
			children = (
				9031FFD81C68EF8B00BCC456 /* ReconnectView.swift */,
				9031FFDA1C68EFA200BCC456 /* ReconnectView.xib */,
			);
			path = Views;
			sourceTree = "<group>";
		};
		904963481C72396B0078C9DF /* Extensions */ = {
			isa = PBXGroup;
			children = (
				904963491C7239790078C9DF /* UIImage.swift */,
			);
			name = Extensions;
			sourceTree = "<group>";
		};
		90AFD5AB1C5CE43200236D6B /* Network */ = {
			isa = PBXGroup;
			children = (
				90AFD5AC1C5CE43C00236D6B /* ChatConnection.swift */,
				90AFD5AE1C5CEC0000236D6B /* ChatClient.swift */,
				90AFD5B41C5D234400236D6B /* APIManager.swift */,
				90AFD5D41C61118E00236D6B /* ChatMessages.swift */,
			);
			name = Network;
			path = chat/Code/Network;
			sourceTree = SOURCE_ROOT;
		};
		90B1B0FB1C480A4A004369F2 /* User */ = {
			isa = PBXGroup;
			children = (
				90AFD5B01C5D200900236D6B /* PhoneNumberViewController.swift */,
				90AFD5B21C5D204100236D6B /* PhoneNumberViewController.xib */,
				90AFD5B61C5D280900236D6B /* ConfirmCodeViewController.swift */,
				90AFD5B81C5D281800236D6B /* ConfirmCodeViewController.xib */,
				90AFD5C41C608EB200236D6B /* FriendsListViewController.swift */,
				90AFD5C61C608EDC00236D6B /* FriendsListViewController.xib */,
				90AFD5CA1C6090AE00236D6B /* FriendTableViewCell.swift */,
				90AFD5CC1C6090B800236D6B /* FriendTableViewCell.xib */,
			);
			path = User;
			sourceTree = "<group>";
		};
		90EBF8781C47458F00A7AD51 = {
			isa = PBXGroup;
			children = (
				90EBF8831C47459000A7AD51 /* chat */,
				90EBF8821C47458F00A7AD51 /* Products */,
				426CE136D9E86C46A2DD6DE9 /* Pods */,
				03C4881D7477C6DD7CC79989 /* Frameworks */,
			);
			sourceTree = "<group>";
		};
		90EBF8821C47458F00A7AD51 /* Products */ = {
			isa = PBXGroup;
			children = (
				90EBF8811C47458F00A7AD51 /* chat.app */,
			);
			name = Products;
			sourceTree = "<group>";
		};
		90EBF8831C47459000A7AD51 /* chat */ = {
			isa = PBXGroup;
			children = (
				90EBF8A41C4749F700A7AD51 /* Resources */,
				90EBF89C1C47497500A7AD51 /* Code */,
				90EBF88B1C47459000A7AD51 /* Assets.xcassets */,
				90EBF8901C47459000A7AD51 /* Info.plist */,
			);
			path = chat;
			sourceTree = "<group>";
		};
		90EBF89C1C47497500A7AD51 /* Code */ = {
			isa = PBXGroup;
			children = (
				904963481C72396B0078C9DF /* Extensions */,
				90EBF8B61C474CA700A7AD51 /* AppDelegate.swift */,
				90EBF8B71C474CA700A7AD51 /* Controllers */,
				90EBF8A31C4749E000A7AD51 /* Models */,
				90AFD5AB1C5CE43200236D6B /* Network */,
				9031FFD01C6240B700BCC456 /* Utils */,
				9031FFD71C68EF7B00BCC456 /* Views */,
			);
			path = Code;
			sourceTree = "<group>";
		};
		90EBF8A31C4749E000A7AD51 /* Models */ = {
			isa = PBXGroup;
			children = (
				9031FFE41C6E2BC100BCC456 /* File.swift */,
				90AFD5C81C608F2E00236D6B /* Friend.swift */,
				90AFD5D01C61102C00236D6B /* FriendManager.swift */,
				90EBF8AA1C474A0000A7AD51 /* Message.swift */,
				90AFD5D21C6110B900236D6B /* MessageManager.swift */,
				9049633C1C70DE9D0078C9DF /* MessageSender.swift */,
				9049633A1C6F9D750078C9DF /* PhoneNumber.swift */,
				90EBF8AC1C474A0E00A7AD51 /* User.swift */,
			);
			path = Models;
			sourceTree = "<group>";
		};
		90EBF8A41C4749F700A7AD51 /* Resources */ = {
			isa = PBXGroup;
			children = (
				90EBF8A51C4749F700A7AD51 /* Images */,
				9031FFDC1C6B78D600BCC456 /* chat.xcdatamodeld */,
			);
			path = Resources;
			sourceTree = "<group>";
		};
		90EBF8A51C4749F700A7AD51 /* Images */ = {
			isa = PBXGroup;
			children = (
				90EBF8A61C4749F700A7AD51 /* andreas.jpg */,
				90EBF8A71C4749F700A7AD51 /* michele.jpg */,
			);
			path = Images;
			sourceTree = "<group>";
		};
		90EBF8B71C474CA700A7AD51 /* Controllers */ = {
			isa = PBXGroup;
			children = (
				90B1B0FB1C480A4A004369F2 /* User */,
				90EBF8B81C474CA700A7AD51 /* Chat */,
				90AFD5CE1C6091F100236D6B /* MainViewController.swift */,
			);
			path = Controllers;
			sourceTree = "<group>";
		};
		90EBF8B81C474CA700A7AD51 /* Chat */ = {
			isa = PBXGroup;
			children = (
				90AFD5A01C4D9D8300236D6B /* ChatRowContinuationTableViewCell.swift */,
				90AFD5A11C4D9D8300236D6B /* ChatRowContinuationTableViewCell.xib */,
				90EBF8B91C474CA700A7AD51 /* ChatRowTableViewCell.swift */,
				90EBF8BA1C474CA700A7AD51 /* ChatRowTableViewCell.xib */,
				90EBF8BB1C474CA700A7AD51 /* ChatViewController.swift */,
				90EBF8BC1C474CA700A7AD51 /* ChatViewController.xib */,
				90AFD5981C4C06F900236D6B /* GIFSelector.swift */,
				90AFD59A1C4C070500236D6B /* GIFSelector.xib */,
				90AFD59C1C4CBD1100236D6B /* GIFSelectorCell.xib */,
				90AFD59E1C4CBD1E00236D6B /* GIFSelectorCell.swift */,
				90AFD5A41C4D9E0100236D6B /* MessageTableViewCell.swift */,
				90AFD5A81C4DE1B700236D6B /* NewMessagesCell.xib */,
				904963401C722CBA0078C9DF /* ImageRowTableViewCell.swift */,
				904963441C722CE30078C9DF /* ImageRowTableViewCell.xib */,
			);
			path = Chat;
			sourceTree = "<group>";
		};
/* End PBXGroup section */

/* Begin PBXNativeTarget section */
		90EBF8801C47458F00A7AD51 /* chat */ = {
			isa = PBXNativeTarget;
			buildConfigurationList = 90EBF8931C47459000A7AD51 /* Build configuration list for PBXNativeTarget "chat" */;
			buildPhases = (
				B2EF59B4FD2E75C46E1A7152 /* Check Pods Manifest.lock */,
				90EBF87D1C47458F00A7AD51 /* Sources */,
				90EBF87E1C47458F00A7AD51 /* Frameworks */,
				90EBF87F1C47458F00A7AD51 /* Resources */,
				673EB0D06030FA77D5514775 /* Embed Pods Frameworks */,
				910B41AE13D28F7134B0F6B7 /* Copy Pods Resources */,
			);
			buildRules = (
			);
			dependencies = (
			);
			name = chat;
			productName = chat;
			productReference = 90EBF8811C47458F00A7AD51 /* chat.app */;
			productType = "com.apple.product-type.application";
		};
/* End PBXNativeTarget section */

/* Begin PBXProject section */
		90EBF8791C47458F00A7AD51 /* Project object */ = {
			isa = PBXProject;
			attributes = {
				LastSwiftUpdateCheck = 0720;
				LastUpgradeCheck = 0720;
				ORGANIZATIONNAME = drtyhbo;
				TargetAttributes = {
					90EBF8801C47458F00A7AD51 = {
						CreatedOnToolsVersion = 7.2;
						DevelopmentTeam = S4Y2T39EMH;
						SystemCapabilities = {
							com.apple.BackgroundModes = {
								enabled = 1;
							};
							com.apple.Push = {
								enabled = 1;
							};
						};
					};
				};
			};
			buildConfigurationList = 90EBF87C1C47458F00A7AD51 /* Build configuration list for PBXProject "chat" */;
			compatibilityVersion = "Xcode 3.2";
			developmentRegion = English;
			hasScannedForEncodings = 0;
			knownRegions = (
				en,
				Base,
			);
			mainGroup = 90EBF8781C47458F00A7AD51;
			productRefGroup = 90EBF8821C47458F00A7AD51 /* Products */;
			projectDirPath = "";
			projectRoot = "";
			targets = (
				90EBF8801C47458F00A7AD51 /* chat */,
			);
		};
/* End PBXProject section */

/* Begin PBXResourcesBuildPhase section */
		90EBF87F1C47458F00A7AD51 /* Resources */ = {
			isa = PBXResourcesBuildPhase;
			buildActionMask = 2147483647;
			files = (
				90EBF8BF1C474CA700A7AD51 /* ChatRowTableViewCell.xib in Resources */,
				90EBF8A81C4749F700A7AD51 /* andreas.jpg in Resources */,
				9031FFDB1C68EFA200BCC456 /* ReconnectView.xib in Resources */,
				90EBF8A91C4749F700A7AD51 /* michele.jpg in Resources */,
				90AFD5A31C4D9D8300236D6B /* ChatRowContinuationTableViewCell.xib in Resources */,
				90AFD59B1C4C070500236D6B /* GIFSelector.xib in Resources */,
				90AFD5C71C608EDC00236D6B /* FriendsListViewController.xib in Resources */,
				90EBF8C11C474CA700A7AD51 /* ChatViewController.xib in Resources */,
				90AFD5B91C5D281800236D6B /* ConfirmCodeViewController.xib in Resources */,
				904963451C722CE30078C9DF /* ImageRowTableViewCell.xib in Resources */,
				90EBF88C1C47459000A7AD51 /* Assets.xcassets in Resources */,
				90AFD5CD1C6090B800236D6B /* FriendTableViewCell.xib in Resources */,
				90AFD59D1C4CBD1100236D6B /* GIFSelectorCell.xib in Resources */,
				90AFD5B31C5D204100236D6B /* PhoneNumberViewController.xib in Resources */,
				90AFD5A91C4DE1B700236D6B /* NewMessagesCell.xib in Resources */,
			);
			runOnlyForDeploymentPostprocessing = 0;
		};
/* End PBXResourcesBuildPhase section */

/* Begin PBXShellScriptBuildPhase section */
		673EB0D06030FA77D5514775 /* Embed Pods Frameworks */ = {
			isa = PBXShellScriptBuildPhase;
			buildActionMask = 2147483647;
			files = (
			);
			inputPaths = (
			);
			name = "Embed Pods Frameworks";
			outputPaths = (
			);
			runOnlyForDeploymentPostprocessing = 0;
			shellPath = /bin/sh;
			shellScript = "\"${SRCROOT}/Pods/Target Support Files/Pods-chat/Pods-chat-frameworks.sh\"\n";
			showEnvVarsInLog = 0;
		};
		910B41AE13D28F7134B0F6B7 /* Copy Pods Resources */ = {
			isa = PBXShellScriptBuildPhase;
			buildActionMask = 2147483647;
			files = (
			);
			inputPaths = (
			);
			name = "Copy Pods Resources";
			outputPaths = (
			);
			runOnlyForDeploymentPostprocessing = 0;
			shellPath = /bin/sh;
			shellScript = "\"${SRCROOT}/Pods/Target Support Files/Pods-chat/Pods-chat-resources.sh\"\n";
			showEnvVarsInLog = 0;
		};
		B2EF59B4FD2E75C46E1A7152 /* Check Pods Manifest.lock */ = {
			isa = PBXShellScriptBuildPhase;
			buildActionMask = 2147483647;
			files = (
			);
			inputPaths = (
			);
			name = "Check Pods Manifest.lock";
			outputPaths = (
			);
			runOnlyForDeploymentPostprocessing = 0;
			shellPath = /bin/sh;
			shellScript = "diff \"${PODS_ROOT}/../Podfile.lock\" \"${PODS_ROOT}/Manifest.lock\" > /dev/null\nif [[ $? != 0 ]] ; then\n    cat << EOM\nerror: The sandbox is not in sync with the Podfile.lock. Run 'pod install' or update your CocoaPods installation.\nEOM\n    exit 1\nfi\n";
			showEnvVarsInLog = 0;
		};
/* End PBXShellScriptBuildPhase section */

/* Begin PBXSourcesBuildPhase section */
		90EBF87D1C47458F00A7AD51 /* Sources */ = {
			isa = PBXSourcesBuildPhase;
			buildActionMask = 2147483647;
			files = (
				90AFD5CF1C6091F100236D6B /* MainViewController.swift in Sources */,
				9031FFE31C6CC88B00BCC456 /* SecurityHelper.swift in Sources */,
				90AFD5AF1C5CEC0000236D6B /* ChatClient.swift in Sources */,
				90AFD5B11C5D200900236D6B /* PhoneNumberViewController.swift in Sources */,
				9031FFD21C6240BF00BCC456 /* ContactsHelper.swift in Sources */,
				90AFD5B51C5D234400236D6B /* APIManager.swift in Sources */,
				90AFD5C51C608EB200236D6B /* FriendsListViewController.swift in Sources */,
				9031FFD41C6671B800BCC456 /* Constants.swift in Sources */,
				90EBF8BE1C474CA700A7AD51 /* ChatRowTableViewCell.swift in Sources */,
				90AFD5AD1C5CE43C00236D6B /* ChatConnection.swift in Sources */,
				90AFD5CB1C6090AE00236D6B /* FriendTableViewCell.swift in Sources */,
				9031FFD91C68EF8B00BCC456 /* ReconnectView.swift in Sources */,
				9031FFDE1C6B78D600BCC456 /* chat.xcdatamodeld in Sources */,
				9049634A1C7239790078C9DF /* UIImage.swift in Sources */,
				90AFD5991C4C06F900236D6B /* GIFSelector.swift in Sources */,
				90AFD5A51C4D9E0100236D6B /* MessageTableViewCell.swift in Sources */,
				9049633D1C70DE9D0078C9DF /* MessageSender.swift in Sources */,
				9049633B1C6F9D750078C9DF /* PhoneNumber.swift in Sources */,
				90EBF8BD1C474CA700A7AD51 /* AppDelegate.swift in Sources */,
				9031FFE51C6E2BC100BCC456 /* File.swift in Sources */,
				90AFD5D51C61118E00236D6B /* ChatMessages.swift in Sources */,
				904963411C722CBA0078C9DF /* ImageRowTableViewCell.swift in Sources */,
				90AFD5B71C5D280900236D6B /* ConfirmCodeViewController.swift in Sources */,
				90EBF8AB1C474A0000A7AD51 /* Message.swift in Sources */,
				90EBF8C01C474CA700A7AD51 /* ChatViewController.swift in Sources */,
				90AFD5C91C608F2E00236D6B /* Friend.swift in Sources */,
				90AFD5D31C6110B900236D6B /* MessageManager.swift in Sources */,
				90AFD59F1C4CBD1E00236D6B /* GIFSelectorCell.swift in Sources */,
				90AFD5D11C61102C00236D6B /* FriendManager.swift in Sources */,
				90EBF8AD1C474A0E00A7AD51 /* User.swift in Sources */,
				90AFD5A21C4D9D8300236D6B /* ChatRowContinuationTableViewCell.swift in Sources */,
			);
			runOnlyForDeploymentPostprocessing = 0;
		};
/* End PBXSourcesBuildPhase section */

/* Begin XCBuildConfiguration section */
		90EBF8911C47459000A7AD51 /* Debug */ = {
			isa = XCBuildConfiguration;
			buildSettings = {
				ALWAYS_SEARCH_USER_PATHS = NO;
				CLANG_CXX_LANGUAGE_STANDARD = "gnu++0x";
				CLANG_CXX_LIBRARY = "libc++";
				CLANG_ENABLE_MODULES = YES;
				CLANG_ENABLE_OBJC_ARC = YES;
				CLANG_WARN_BOOL_CONVERSION = YES;
				CLANG_WARN_CONSTANT_CONVERSION = YES;
				CLANG_WARN_DIRECT_OBJC_ISA_USAGE = YES_ERROR;
				CLANG_WARN_EMPTY_BODY = YES;
				CLANG_WARN_ENUM_CONVERSION = YES;
				CLANG_WARN_INT_CONVERSION = YES;
				CLANG_WARN_OBJC_ROOT_CLASS = YES_ERROR;
				CLANG_WARN_UNREACHABLE_CODE = YES;
				CLANG_WARN__DUPLICATE_METHOD_MATCH = YES;
				"CODE_SIGN_IDENTITY[sdk=iphoneos*]" = "iPhone Developer";
				COPY_PHASE_STRIP = NO;
				DEBUG_INFORMATION_FORMAT = dwarf;
				ENABLE_STRICT_OBJC_MSGSEND = YES;
				ENABLE_TESTABILITY = YES;
				GCC_C_LANGUAGE_STANDARD = gnu99;
				GCC_DYNAMIC_NO_PIC = NO;
				GCC_NO_COMMON_BLOCKS = YES;
				GCC_OPTIMIZATION_LEVEL = 0;
				GCC_PREPROCESSOR_DEFINITIONS = (
					"DEBUG=1",
					"$(inherited)",
				);
				GCC_WARN_64_TO_32_BIT_CONVERSION = YES;
				GCC_WARN_ABOUT_RETURN_TYPE = YES_ERROR;
				GCC_WARN_UNDECLARED_SELECTOR = YES;
				GCC_WARN_UNINITIALIZED_AUTOS = YES_AGGRESSIVE;
				GCC_WARN_UNUSED_FUNCTION = YES;
				GCC_WARN_UNUSED_VARIABLE = YES;
				IPHONEOS_DEPLOYMENT_TARGET = 9.2;
				MTL_ENABLE_DEBUG_INFO = YES;
				ONLY_ACTIVE_ARCH = YES;
				SDKROOT = iphoneos;
				SWIFT_OPTIMIZATION_LEVEL = "-Onone";
				TARGETED_DEVICE_FAMILY = "1,2";
			};
			name = Debug;
		};
		90EBF8921C47459000A7AD51 /* Release */ = {
			isa = XCBuildConfiguration;
			buildSettings = {
				ALWAYS_SEARCH_USER_PATHS = NO;
				CLANG_CXX_LANGUAGE_STANDARD = "gnu++0x";
				CLANG_CXX_LIBRARY = "libc++";
				CLANG_ENABLE_MODULES = YES;
				CLANG_ENABLE_OBJC_ARC = YES;
				CLANG_WARN_BOOL_CONVERSION = YES;
				CLANG_WARN_CONSTANT_CONVERSION = YES;
				CLANG_WARN_DIRECT_OBJC_ISA_USAGE = YES_ERROR;
				CLANG_WARN_EMPTY_BODY = YES;
				CLANG_WARN_ENUM_CONVERSION = YES;
				CLANG_WARN_INT_CONVERSION = YES;
				CLANG_WARN_OBJC_ROOT_CLASS = YES_ERROR;
				CLANG_WARN_UNREACHABLE_CODE = YES;
				CLANG_WARN__DUPLICATE_METHOD_MATCH = YES;
				"CODE_SIGN_IDENTITY[sdk=iphoneos*]" = "iPhone Developer";
				COPY_PHASE_STRIP = NO;
				DEBUG_INFORMATION_FORMAT = "dwarf-with-dsym";
				ENABLE_NS_ASSERTIONS = NO;
				ENABLE_STRICT_OBJC_MSGSEND = YES;
				GCC_C_LANGUAGE_STANDARD = gnu99;
				GCC_NO_COMMON_BLOCKS = YES;
				GCC_WARN_64_TO_32_BIT_CONVERSION = YES;
				GCC_WARN_ABOUT_RETURN_TYPE = YES_ERROR;
				GCC_WARN_UNDECLARED_SELECTOR = YES;
				GCC_WARN_UNINITIALIZED_AUTOS = YES_AGGRESSIVE;
				GCC_WARN_UNUSED_FUNCTION = YES;
				GCC_WARN_UNUSED_VARIABLE = YES;
				IPHONEOS_DEPLOYMENT_TARGET = 9.2;
				MTL_ENABLE_DEBUG_INFO = NO;
				SDKROOT = iphoneos;
				TARGETED_DEVICE_FAMILY = "1,2";
				VALIDATE_PRODUCT = YES;
			};
			name = Release;
		};
		90EBF8941C47459000A7AD51 /* Debug */ = {
			isa = XCBuildConfiguration;
			baseConfigurationReference = A1A7B9FD93747705788EBCD9 /* Pods-chat.debug.xcconfig */;
			buildSettings = {
				ASSETCATALOG_COMPILER_APPICON_NAME = AppIcon;
				CODE_SIGN_IDENTITY = "iPhone Developer";
				"CODE_SIGN_IDENTITY[sdk=iphoneos*]" = "iPhone Developer";
				INFOPLIST_FILE = chat/Info.plist;
				LD_RUNPATH_SEARCH_PATHS = "$(inherited) @executable_path/Frameworks";
				PRODUCT_BUNDLE_IDENTIFIER = com.drtyhbo.Chat;
				PRODUCT_NAME = "$(TARGET_NAME)";
				PROVISIONING_PROFILE = "";
				SWIFT_OBJC_BRIDGING_HEADER = "";
			};
			name = Debug;
		};
		90EBF8951C47459000A7AD51 /* Release */ = {
			isa = XCBuildConfiguration;
			baseConfigurationReference = C5EA02263D659AD024FD7039 /* Pods-chat.release.xcconfig */;
			buildSettings = {
				ASSETCATALOG_COMPILER_APPICON_NAME = AppIcon;
				CODE_SIGN_IDENTITY = "iPhone Developer";
				"CODE_SIGN_IDENTITY[sdk=iphoneos*]" = "iPhone Developer";
				INFOPLIST_FILE = chat/Info.plist;
				LD_RUNPATH_SEARCH_PATHS = "$(inherited) @executable_path/Frameworks";
				PRODUCT_BUNDLE_IDENTIFIER = com.drtyhbo.Chat;
				PRODUCT_NAME = "$(TARGET_NAME)";
				PROVISIONING_PROFILE = "";
				SWIFT_OBJC_BRIDGING_HEADER = "";
			};
			name = Release;
		};
/* End XCBuildConfiguration section */

/* Begin XCConfigurationList section */
		90EBF87C1C47458F00A7AD51 /* Build configuration list for PBXProject "chat" */ = {
			isa = XCConfigurationList;
			buildConfigurations = (
				90EBF8911C47459000A7AD51 /* Debug */,
				90EBF8921C47459000A7AD51 /* Release */,
			);
			defaultConfigurationIsVisible = 0;
			defaultConfigurationName = Release;
		};
		90EBF8931C47459000A7AD51 /* Build configuration list for PBXNativeTarget "chat" */ = {
			isa = XCConfigurationList;
			buildConfigurations = (
				90EBF8941C47459000A7AD51 /* Debug */,
				90EBF8951C47459000A7AD51 /* Release */,
			);
			defaultConfigurationIsVisible = 0;
			defaultConfigurationName = Release;
		};
/* End XCConfigurationList section */

/* Begin XCVersionGroup section */
		9031FFDC1C6B78D600BCC456 /* chat.xcdatamodeld */ = {
			isa = XCVersionGroup;
			children = (
				9031FFDF1C6B793400BCC456 /* chat1.xcdatamodel */,
				9031FFDD1C6B78D600BCC456 /* chat.xcdatamodel */,
			);
			currentVersion = 9031FFDF1C6B793400BCC456 /* chat1.xcdatamodel */;
			name = chat.xcdatamodeld;
			path = ../chat.xcdatamodeld;
			sourceTree = "<group>";
			versionGroupType = wrapper.xcdatamodel;
		};
/* End XCVersionGroup section */
	};
	rootObject = 90EBF8791C47458F00A7AD51 /* Project object */;
}
